
Microsoft Visual Studio Solution File, Format Version 12.00
# Visual Studio Version 16
VisualStudioVersion = 16.0.29911.84
MinimumVisualStudioVersion = 10.0.40219.1
Project("{FAE04EC0-301F-11D3-BF4B-00C04F79EFBC}") = "Entrega 5", "Entrega 5\Entrega 5.csproj", "{33541AD7-41D0-4D28-8355-3A2D346086EC}"
EndProject
Global
	GlobalSection(SolutionConfigurationPlatforms) = preSolution
		Debug|Any CPU = Debug|Any CPU
		Release|Any CPU = Release|Any CPU
	EndGlobalSection
	GlobalSection(ProjectConfigurationPlatforms) = postSolution
		{33541AD7-41D0-4D28-8355-3A2D346086EC}.Debug|Any CPU.ActiveCfg = Debug|Any CPU
		{33541AD7-41D0-4D28-8355-3A2D346086EC}.Debug|Any CPU.Build.0 = Debug|Any CPU
		{33541AD7-41D0-4D28-8355-3A2D346086EC}.Release|Any CPU.ActiveCfg = Release|Any CPU
		{33541AD7-41D0-4D28-8355-3A2D346086EC}.Release|Any CPU.Build.0 = Release|Any CPU
	EndGlobalSection
	GlobalSection(SolutionProperties) = preSolution
		HideSolutionNode = FALSE
	EndGlobalSection
	GlobalSection(ExtensibilityGlobals) = postSolution
		SolutionGuid = {FF4BB3C2-A706-44C9-9573-B25F59294A55}
	EndGlobalSection
EndGlobal
